// !$*UTF8*$!
{
	archiveVersion = 1;
	classes = {
	};
	objectVersion = 56;
	objects = {

/* Begin PBXBuildFile section */
		4D0A88BF2B09614100AAADDE /* Storyboarded.swift in Sources */ = {isa = PBXBuildFile; fileRef = 4D0A88BE2B09614100AAADDE /* Storyboarded.swift */; };
		4D0A88C12B09635600AAADDE /* BaseNavigationController.swift in Sources */ = {isa = PBXBuildFile; fileRef = 4D0A88C02B09635600AAADDE /* BaseNavigationController.swift */; };
		4D0A88C32B0964DD00AAADDE /* LoginViewModelProtocol.swift in Sources */ = {isa = PBXBuildFile; fileRef = 4D0A88C22B0964DD00AAADDE /* LoginViewModelProtocol.swift */; };
		4D0A88C52B0964F300AAADDE /* LoginViewModelCoordinatorDelegate.swift in Sources */ = {isa = PBXBuildFile; fileRef = 4D0A88C42B0964F300AAADDE /* LoginViewModelCoordinatorDelegate.swift */; };
		4D0A88C72B0B63BC00AAADDE /* BaseViewModel.swift in Sources */ = {isa = PBXBuildFile; fileRef = 4D0A88C62B0B63BC00AAADDE /* BaseViewModel.swift */; };
		4D0A88CC2B0B897F00AAADDE /* SignupViewModel.swift in Sources */ = {isa = PBXBuildFile; fileRef = 4D0A88CB2B0B897F00AAADDE /* SignupViewModel.swift */; };
		4D0A88CE2B0B89B900AAADDE /* SignupViewModelProtocol.swift in Sources */ = {isa = PBXBuildFile; fileRef = 4D0A88CD2B0B89B900AAADDE /* SignupViewModelProtocol.swift */; };
		4D0A88D02B0B89C900AAADDE /* SignupViewModelCoordinatorDelegate.swift in Sources */ = {isa = PBXBuildFile; fileRef = 4D0A88CF2B0B89C900AAADDE /* SignupViewModelCoordinatorDelegate.swift */; };
		4D0A88D22B0B89D300AAADDE /* SignupCoordinator.swift in Sources */ = {isa = PBXBuildFile; fileRef = 4D0A88D12B0B89D300AAADDE /* SignupCoordinator.swift */; };
		4D0A88D92B0B967200AAADDE /* Splash.storyboard in Resources */ = {isa = PBXBuildFile; fileRef = 4D0A88D82B0B967200AAADDE /* Splash.storyboard */; };
		4D0A88DB2B0B968000AAADDE /* SplashViewController.swift in Sources */ = {isa = PBXBuildFile; fileRef = 4D0A88DA2B0B968000AAADDE /* SplashViewController.swift */; };
		4D0A88DD2B0B968D00AAADDE /* SplashViewModel.swift in Sources */ = {isa = PBXBuildFile; fileRef = 4D0A88DC2B0B968D00AAADDE /* SplashViewModel.swift */; };
		4D0A88DF2B0B969C00AAADDE /* SplashViewModelProtocol.swift in Sources */ = {isa = PBXBuildFile; fileRef = 4D0A88DE2B0B969C00AAADDE /* SplashViewModelProtocol.swift */; };
		4D0A88E12B0B96AF00AAADDE /* SplashViewModelCoordinatoDelegate.swift in Sources */ = {isa = PBXBuildFile; fileRef = 4D0A88E02B0B96AF00AAADDE /* SplashViewModelCoordinatoDelegate.swift */; };
		4D0A88E32B0B96BB00AAADDE /* SplashCoordinator.swift in Sources */ = {isa = PBXBuildFile; fileRef = 4D0A88E22B0B96BB00AAADDE /* SplashCoordinator.swift */; };
		4D0A88E72B0CF93F00AAADDE /* SlideCell.swift in Sources */ = {isa = PBXBuildFile; fileRef = 4D0A88E52B0CF93F00AAADDE /* SlideCell.swift */; };
		4D0A88E82B0CF93F00AAADDE /* SlideCell.xib in Resources */ = {isa = PBXBuildFile; fileRef = 4D0A88E62B0CF93F00AAADDE /* SlideCell.xib */; };
		4D0A88ED2B0CFEE900AAADDE /* SlideDataSource.swift in Sources */ = {isa = PBXBuildFile; fileRef = 4D0A88EC2B0CFEE900AAADDE /* SlideDataSource.swift */; };
		4D1C85C42B161B4500C17919 /* WeatherCell.swift in Sources */ = {isa = PBXBuildFile; fileRef = 4D1C85C22B161B4500C17919 /* WeatherCell.swift */; };
		4D1C85C52B161B4500C17919 /* WeatherCell.xib in Resources */ = {isa = PBXBuildFile; fileRef = 4D1C85C32B161B4500C17919 /* WeatherCell.xib */; };
		4D6D74A52B062C1500B1E789 /* AppDelegate.swift in Sources */ = {isa = PBXBuildFile; fileRef = 4D6D74A42B062C1500B1E789 /* AppDelegate.swift */; };
		4D6D74A72B062C1500B1E789 /* SceneDelegate.swift in Sources */ = {isa = PBXBuildFile; fileRef = 4D6D74A62B062C1500B1E789 /* SceneDelegate.swift */; };
		4D6D74AE2B062C1600B1E789 /* Assets.xcassets in Resources */ = {isa = PBXBuildFile; fileRef = 4D6D74AD2B062C1600B1E789 /* Assets.xcassets */; };
		4D6D74B12B062C1600B1E789 /* LaunchScreen.storyboard in Resources */ = {isa = PBXBuildFile; fileRef = 4D6D74AF2B062C1600B1E789 /* LaunchScreen.storyboard */; };
		4D6D74C42B062CB400B1E789 /* AppCoordinator.swift in Sources */ = {isa = PBXBuildFile; fileRef = 4D6D74C32B062CB400B1E789 /* AppCoordinator.swift */; };
		4D6D74C62B062CD600B1E789 /* IntroViewController.swift in Sources */ = {isa = PBXBuildFile; fileRef = 4D6D74C52B062CD600B1E789 /* IntroViewController.swift */; };
		4D6D74C82B062CE900B1E789 /* Intro.storyboard in Resources */ = {isa = PBXBuildFile; fileRef = 4D6D74C72B062CE900B1E789 /* Intro.storyboard */; };
		4D6D74CA2B062D0500B1E789 /* LoginViewController.swift in Sources */ = {isa = PBXBuildFile; fileRef = 4D6D74C92B062D0500B1E789 /* LoginViewController.swift */; };
		4D6D74CC2B062D1000B1E789 /* Login.storyboard in Resources */ = {isa = PBXBuildFile; fileRef = 4D6D74CB2B062D1000B1E789 /* Login.storyboard */; };
		4D6D74CE2B062D2300B1E789 /* IntroViewModel.swift in Sources */ = {isa = PBXBuildFile; fileRef = 4D6D74CD2B062D2300B1E789 /* IntroViewModel.swift */; };
		4D6D74D02B062D3200B1E789 /* LoginViewModel.swift in Sources */ = {isa = PBXBuildFile; fileRef = 4D6D74CF2B062D3200B1E789 /* LoginViewModel.swift */; };
		4D6D74D22B062D4400B1E789 /* IntroCoordinator.swift in Sources */ = {isa = PBXBuildFile; fileRef = 4D6D74D12B062D4400B1E789 /* IntroCoordinator.swift */; };
		4D6D74D42B062D5200B1E789 /* LoginCoordinator.swift in Sources */ = {isa = PBXBuildFile; fileRef = 4D6D74D32B062D5200B1E789 /* LoginCoordinator.swift */; };
		4D6D74D72B062F0500B1E789 /* IntroModel.swift in Sources */ = {isa = PBXBuildFile; fileRef = 4D6D74D62B062F0500B1E789 /* IntroModel.swift */; };
		4D6D74DF2B06332500B1E789 /* UIView+Extension.swift in Sources */ = {isa = PBXBuildFile; fileRef = 4D6D74DE2B06332500B1E789 /* UIView+Extension.swift */; };
		4D6D74E32B0637E900B1E789 /* SignupViewController.swift in Sources */ = {isa = PBXBuildFile; fileRef = 4D6D74E22B0637E900B1E789 /* SignupViewController.swift */; };
		4D6D74E52B0637F400B1E789 /* Signup.storyboard in Resources */ = {isa = PBXBuildFile; fileRef = 4D6D74E42B0637F400B1E789 /* Signup.storyboard */; };
		4D6D74E72B06404B00B1E789 /* IntroViewModelProtocol.swift in Sources */ = {isa = PBXBuildFile; fileRef = 4D6D74E62B06404B00B1E789 /* IntroViewModelProtocol.swift */; };
		4D6D74E92B06405C00B1E789 /* IntroViewModelCoordinatorDelegate.swift in Sources */ = {isa = PBXBuildFile; fileRef = 4D6D74E82B06405C00B1E789 /* IntroViewModelCoordinatorDelegate.swift */; };
		4D6D74EB2B06416E00B1E789 /* Coordinator.swift in Sources */ = {isa = PBXBuildFile; fileRef = 4D6D74EA2B06416E00B1E789 /* Coordinator.swift */; };
		4DC49F5A2B0E75570008C9B6 /* PostCell.swift in Sources */ = {isa = PBXBuildFile; fileRef = 4DC49F582B0E75570008C9B6 /* PostCell.swift */; };
		4DC49F5B2B0E75570008C9B6 /* PostCell.xib in Resources */ = {isa = PBXBuildFile; fileRef = 4DC49F592B0E75570008C9B6 /* PostCell.xib */; };
		4DC49F5D2B0E776C0008C9B6 /* PostModel.swift in Sources */ = {isa = PBXBuildFile; fileRef = 4DC49F5C2B0E776C0008C9B6 /* PostModel.swift */; };
		4DC49F602B0E79280008C9B6 /* PostRequest.swift in Sources */ = {isa = PBXBuildFile; fileRef = 4DC49F5F2B0E79280008C9B6 /* PostRequest.swift */; };
		4DEBF9262B0E335A00F1A858 /* HomeViewController.swift in Sources */ = {isa = PBXBuildFile; fileRef = 4DEBF9252B0E335A00F1A858 /* HomeViewController.swift */; };
		4DEBF9282B0E336A00F1A858 /* Home.storyboard in Resources */ = {isa = PBXBuildFile; fileRef = 4DEBF9272B0E336A00F1A858 /* Home.storyboard */; };
		4DEBF92A2B0E399700F1A858 /* HomeViewModel.swift in Sources */ = {isa = PBXBuildFile; fileRef = 4DEBF9292B0E399700F1A858 /* HomeViewModel.swift */; };
		4DEBF92C2B0E39A600F1A858 /* HomeViewModelProtocol.swift in Sources */ = {isa = PBXBuildFile; fileRef = 4DEBF92B2B0E39A600F1A858 /* HomeViewModelProtocol.swift */; };
		4DEBF92E2B0E39BF00F1A858 /* HomeViewModelCoordinatorDelegate.swift in Sources */ = {isa = PBXBuildFile; fileRef = 4DEBF92D2B0E39BF00F1A858 /* HomeViewModelCoordinatorDelegate.swift */; };
		4DEBF9302B0E39CB00F1A858 /* HomeCoordinator.swift in Sources */ = {isa = PBXBuildFile; fileRef = 4DEBF92F2B0E39CB00F1A858 /* HomeCoordinator.swift */; };
		728693B8715CE9AAAE6ABBA5 /* Pods_MVVM_C_Architecture.framework in Frameworks */ = {isa = PBXBuildFile; fileRef = 7551FD3CD6BDB60815CB55F0 /* Pods_MVVM_C_Architecture.framework */; };
/* End PBXBuildFile section */

/* Begin PBXFileReference section */
		4D0A88BE2B09614100AAADDE /* Storyboarded.swift */ = {isa = PBXFileReference; lastKnownFileType = sourcecode.swift; path = Storyboarded.swift; sourceTree = "<group>"; };
		4D0A88C02B09635600AAADDE /* BaseNavigationController.swift */ = {isa = PBXFileReference; lastKnownFileType = sourcecode.swift; path = BaseNavigationController.swift; sourceTree = "<group>"; };
		4D0A88C22B0964DD00AAADDE /* LoginViewModelProtocol.swift */ = {isa = PBXFileReference; lastKnownFileType = sourcecode.swift; path = LoginViewModelProtocol.swift; sourceTree = "<group>"; };
		4D0A88C42B0964F300AAADDE /* LoginViewModelCoordinatorDelegate.swift */ = {isa = PBXFileReference; lastKnownFileType = sourcecode.swift; path = LoginViewModelCoordinatorDelegate.swift; sourceTree = "<group>"; };
		4D0A88C62B0B63BC00AAADDE /* BaseViewModel.swift */ = {isa = PBXFileReference; lastKnownFileType = sourcecode.swift; path = BaseViewModel.swift; sourceTree = "<group>"; };
		4D0A88CB2B0B897F00AAADDE /* SignupViewModel.swift */ = {isa = PBXFileReference; lastKnownFileType = sourcecode.swift; path = SignupViewModel.swift; sourceTree = "<group>"; };
		4D0A88CD2B0B89B900AAADDE /* SignupViewModelProtocol.swift */ = {isa = PBXFileReference; lastKnownFileType = sourcecode.swift; path = SignupViewModelProtocol.swift; sourceTree = "<group>"; };
		4D0A88CF2B0B89C900AAADDE /* SignupViewModelCoordinatorDelegate.swift */ = {isa = PBXFileReference; lastKnownFileType = sourcecode.swift; path = SignupViewModelCoordinatorDelegate.swift; sourceTree = "<group>"; };
		4D0A88D12B0B89D300AAADDE /* SignupCoordinator.swift */ = {isa = PBXFileReference; lastKnownFileType = sourcecode.swift; path = SignupCoordinator.swift; sourceTree = "<group>"; };
		4D0A88D82B0B967200AAADDE /* Splash.storyboard */ = {isa = PBXFileReference; lastKnownFileType = file.storyboard; path = Splash.storyboard; sourceTree = "<group>"; };
		4D0A88DA2B0B968000AAADDE /* SplashViewController.swift */ = {isa = PBXFileReference; lastKnownFileType = sourcecode.swift; path = SplashViewController.swift; sourceTree = "<group>"; };
		4D0A88DC2B0B968D00AAADDE /* SplashViewModel.swift */ = {isa = PBXFileReference; lastKnownFileType = sourcecode.swift; path = SplashViewModel.swift; sourceTree = "<group>"; };
		4D0A88DE2B0B969C00AAADDE /* SplashViewModelProtocol.swift */ = {isa = PBXFileReference; lastKnownFileType = sourcecode.swift; path = SplashViewModelProtocol.swift; sourceTree = "<group>"; };
		4D0A88E02B0B96AF00AAADDE /* SplashViewModelCoordinatoDelegate.swift */ = {isa = PBXFileReference; lastKnownFileType = sourcecode.swift; path = SplashViewModelCoordinatoDelegate.swift; sourceTree = "<group>"; };
		4D0A88E22B0B96BB00AAADDE /* SplashCoordinator.swift */ = {isa = PBXFileReference; lastKnownFileType = sourcecode.swift; path = SplashCoordinator.swift; sourceTree = "<group>"; };
		4D0A88E52B0CF93F00AAADDE /* SlideCell.swift */ = {isa = PBXFileReference; lastKnownFileType = sourcecode.swift; path = SlideCell.swift; sourceTree = "<group>"; };
		4D0A88E62B0CF93F00AAADDE /* SlideCell.xib */ = {isa = PBXFileReference; lastKnownFileType = file.xib; path = SlideCell.xib; sourceTree = "<group>"; };
		4D0A88EC2B0CFEE900AAADDE /* SlideDataSource.swift */ = {isa = PBXFileReference; lastKnownFileType = sourcecode.swift; path = SlideDataSource.swift; sourceTree = "<group>"; };
		4D1C85C22B161B4500C17919 /* WeatherCell.swift */ = {isa = PBXFileReference; lastKnownFileType = sourcecode.swift; path = WeatherCell.swift; sourceTree = "<group>"; };
		4D1C85C32B161B4500C17919 /* WeatherCell.xib */ = {isa = PBXFileReference; lastKnownFileType = file.xib; path = WeatherCell.xib; sourceTree = "<group>"; };
		4D6D74A12B062C1500B1E789 /* MVVM+C Architecture.app */ = {isa = PBXFileReference; explicitFileType = wrapper.application; includeInIndex = 0; path = "MVVM+C Architecture.app"; sourceTree = BUILT_PRODUCTS_DIR; };
		4D6D74A42B062C1500B1E789 /* AppDelegate.swift */ = {isa = PBXFileReference; lastKnownFileType = sourcecode.swift; path = AppDelegate.swift; sourceTree = "<group>"; };
		4D6D74A62B062C1500B1E789 /* SceneDelegate.swift */ = {isa = PBXFileReference; lastKnownFileType = sourcecode.swift; path = SceneDelegate.swift; sourceTree = "<group>"; };
		4D6D74AD2B062C1600B1E789 /* Assets.xcassets */ = {isa = PBXFileReference; lastKnownFileType = folder.assetcatalog; path = Assets.xcassets; sourceTree = "<group>"; };
		4D6D74B02B062C1600B1E789 /* Base */ = {isa = PBXFileReference; lastKnownFileType = file.storyboard; name = Base; path = Base.lproj/LaunchScreen.storyboard; sourceTree = "<group>"; };
		4D6D74B22B062C1600B1E789 /* Info.plist */ = {isa = PBXFileReference; lastKnownFileType = text.plist.xml; path = Info.plist; sourceTree = "<group>"; };
		4D6D74C32B062CB400B1E789 /* AppCoordinator.swift */ = {isa = PBXFileReference; lastKnownFileType = sourcecode.swift; path = AppCoordinator.swift; sourceTree = "<group>"; };
		4D6D74C52B062CD600B1E789 /* IntroViewController.swift */ = {isa = PBXFileReference; lastKnownFileType = sourcecode.swift; path = IntroViewController.swift; sourceTree = "<group>"; };
		4D6D74C72B062CE900B1E789 /* Intro.storyboard */ = {isa = PBXFileReference; lastKnownFileType = file.storyboard; path = Intro.storyboard; sourceTree = "<group>"; };
		4D6D74C92B062D0500B1E789 /* LoginViewController.swift */ = {isa = PBXFileReference; lastKnownFileType = sourcecode.swift; path = LoginViewController.swift; sourceTree = "<group>"; };
		4D6D74CB2B062D1000B1E789 /* Login.storyboard */ = {isa = PBXFileReference; lastKnownFileType = file.storyboard; path = Login.storyboard; sourceTree = "<group>"; };
		4D6D74CD2B062D2300B1E789 /* IntroViewModel.swift */ = {isa = PBXFileReference; lastKnownFileType = sourcecode.swift; path = IntroViewModel.swift; sourceTree = "<group>"; };
		4D6D74CF2B062D3200B1E789 /* LoginViewModel.swift */ = {isa = PBXFileReference; lastKnownFileType = sourcecode.swift; path = LoginViewModel.swift; sourceTree = "<group>"; };
		4D6D74D12B062D4400B1E789 /* IntroCoordinator.swift */ = {isa = PBXFileReference; lastKnownFileType = sourcecode.swift; path = IntroCoordinator.swift; sourceTree = "<group>"; };
		4D6D74D32B062D5200B1E789 /* LoginCoordinator.swift */ = {isa = PBXFileReference; lastKnownFileType = sourcecode.swift; path = LoginCoordinator.swift; sourceTree = "<group>"; };
		4D6D74D62B062F0500B1E789 /* IntroModel.swift */ = {isa = PBXFileReference; lastKnownFileType = sourcecode.swift; path = IntroModel.swift; sourceTree = "<group>"; };
		4D6D74DE2B06332500B1E789 /* UIView+Extension.swift */ = {isa = PBXFileReference; lastKnownFileType = sourcecode.swift; path = "UIView+Extension.swift"; sourceTree = "<group>"; };
		4D6D74E22B0637E900B1E789 /* SignupViewController.swift */ = {isa = PBXFileReference; lastKnownFileType = sourcecode.swift; path = SignupViewController.swift; sourceTree = "<group>"; };
		4D6D74E42B0637F400B1E789 /* Signup.storyboard */ = {isa = PBXFileReference; lastKnownFileType = file.storyboard; path = Signup.storyboard; sourceTree = "<group>"; };
		4D6D74E62B06404B00B1E789 /* IntroViewModelProtocol.swift */ = {isa = PBXFileReference; lastKnownFileType = sourcecode.swift; path = IntroViewModelProtocol.swift; sourceTree = "<group>"; };
		4D6D74E82B06405C00B1E789 /* IntroViewModelCoordinatorDelegate.swift */ = {isa = PBXFileReference; lastKnownFileType = sourcecode.swift; path = IntroViewModelCoordinatorDelegate.swift; sourceTree = "<group>"; };
		4D6D74EA2B06416E00B1E789 /* Coordinator.swift */ = {isa = PBXFileReference; lastKnownFileType = sourcecode.swift; path = Coordinator.swift; sourceTree = "<group>"; };
		4DC49F582B0E75570008C9B6 /* PostCell.swift */ = {isa = PBXFileReference; lastKnownFileType = sourcecode.swift; path = PostCell.swift; sourceTree = "<group>"; };
		4DC49F592B0E75570008C9B6 /* PostCell.xib */ = {isa = PBXFileReference; lastKnownFileType = file.xib; path = PostCell.xib; sourceTree = "<group>"; };
		4DC49F5C2B0E776C0008C9B6 /* PostModel.swift */ = {isa = PBXFileReference; lastKnownFileType = sourcecode.swift; path = PostModel.swift; sourceTree = "<group>"; };
		4DC49F5F2B0E79280008C9B6 /* PostRequest.swift */ = {isa = PBXFileReference; lastKnownFileType = sourcecode.swift; path = PostRequest.swift; sourceTree = "<group>"; };
		4DEBF9252B0E335A00F1A858 /* HomeViewController.swift */ = {isa = PBXFileReference; lastKnownFileType = sourcecode.swift; path = HomeViewController.swift; sourceTree = "<group>"; };
		4DEBF9272B0E336A00F1A858 /* Home.storyboard */ = {isa = PBXFileReference; lastKnownFileType = file.storyboard; path = Home.storyboard; sourceTree = "<group>"; };
		4DEBF9292B0E399700F1A858 /* HomeViewModel.swift */ = {isa = PBXFileReference; lastKnownFileType = sourcecode.swift; path = HomeViewModel.swift; sourceTree = "<group>"; };
		4DEBF92B2B0E39A600F1A858 /* HomeViewModelProtocol.swift */ = {isa = PBXFileReference; lastKnownFileType = sourcecode.swift; path = HomeViewModelProtocol.swift; sourceTree = "<group>"; };
		4DEBF92D2B0E39BF00F1A858 /* HomeViewModelCoordinatorDelegate.swift */ = {isa = PBXFileReference; lastKnownFileType = sourcecode.swift; path = HomeViewModelCoordinatorDelegate.swift; sourceTree = "<group>"; };
		4DEBF92F2B0E39CB00F1A858 /* HomeCoordinator.swift */ = {isa = PBXFileReference; lastKnownFileType = sourcecode.swift; path = HomeCoordinator.swift; sourceTree = "<group>"; };
		579E60D9C9D6381AFA2FE230 /* Pods-MVVM+C Architecture.release.xcconfig */ = {isa = PBXFileReference; includeInIndex = 1; lastKnownFileType = text.xcconfig; name = "Pods-MVVM+C Architecture.release.xcconfig"; path = "Target Support Files/Pods-MVVM+C Architecture/Pods-MVVM+C Architecture.release.xcconfig"; sourceTree = "<group>"; };
		7551FD3CD6BDB60815CB55F0 /* Pods_MVVM_C_Architecture.framework */ = {isa = PBXFileReference; explicitFileType = wrapper.framework; includeInIndex = 0; path = Pods_MVVM_C_Architecture.framework; sourceTree = BUILT_PRODUCTS_DIR; };
		D767A62EC83F2931BF9E2987 /* Pods-MVVM+C Architecture.debug.xcconfig */ = {isa = PBXFileReference; includeInIndex = 1; lastKnownFileType = text.xcconfig; name = "Pods-MVVM+C Architecture.debug.xcconfig"; path = "Target Support Files/Pods-MVVM+C Architecture/Pods-MVVM+C Architecture.debug.xcconfig"; sourceTree = "<group>"; };
/* End PBXFileReference section */

/* Begin PBXFrameworksBuildPhase section */
		4D6D749E2B062C1500B1E789 /* Frameworks */ = {
			isa = PBXFrameworksBuildPhase;
			buildActionMask = 2147483647;
			files = (
				728693B8715CE9AAAE6ABBA5 /* Pods_MVVM_C_Architecture.framework in Frameworks */,
			);
			runOnlyForDeploymentPostprocessing = 0;
		};
/* End PBXFrameworksBuildPhase section */

/* Begin PBXGroup section */
		239229B9214D85B424030EC5 /* Pods */ = {
			isa = PBXGroup;
			children = (
				D767A62EC83F2931BF9E2987 /* Pods-MVVM+C Architecture.debug.xcconfig */,
				579E60D9C9D6381AFA2FE230 /* Pods-MVVM+C Architecture.release.xcconfig */,
			);
			path = Pods;
			sourceTree = "<group>";
		};
		4D0A88C82B0B895400AAADDE /* ViewModel */ = {
			isa = PBXGroup;
			children = (
				4D0A88CB2B0B897F00AAADDE /* SignupViewModel.swift */,
			);
			path = ViewModel;
			sourceTree = "<group>";
		};
		4D0A88C92B0B895800AAADDE /* Protocols */ = {
			isa = PBXGroup;
			children = (
				4D0A88CD2B0B89B900AAADDE /* SignupViewModelProtocol.swift */,
				4D0A88CF2B0B89C900AAADDE /* SignupViewModelCoordinatorDelegate.swift */,
			);
			path = Protocols;
			sourceTree = "<group>";
		};
		4D0A88CA2B0B895D00AAADDE /* Coordinator */ = {
			isa = PBXGroup;
			children = (
				4D0A88D12B0B89D300AAADDE /* SignupCoordinator.swift */,
			);
			path = Coordinator;
			sourceTree = "<group>";
		};
		4D0A88D32B0B961F00AAADDE /* Splash */ = {
			isa = PBXGroup;
			children = (
				4D0A88D72B0B964700AAADDE /* Coordinator */,
				4D0A88D62B0B964300AAADDE /* Protocols */,
				4D0A88D52B0B964100AAADDE /* ViewModel */,
				4D0A88D42B0B962C00AAADDE /* View */,
			);
			path = Splash;
			sourceTree = "<group>";
		};
		4D0A88D42B0B962C00AAADDE /* View */ = {
			isa = PBXGroup;
			children = (
				4D0A88D82B0B967200AAADDE /* Splash.storyboard */,
				4D0A88DA2B0B968000AAADDE /* SplashViewController.swift */,
			);
			path = View;
			sourceTree = "<group>";
		};
		4D0A88D52B0B964100AAADDE /* ViewModel */ = {
			isa = PBXGroup;
			children = (
				4D0A88DC2B0B968D00AAADDE /* SplashViewModel.swift */,
			);
			path = ViewModel;
			sourceTree = "<group>";
		};
		4D0A88D62B0B964300AAADDE /* Protocols */ = {
			isa = PBXGroup;
			children = (
				4D0A88DE2B0B969C00AAADDE /* SplashViewModelProtocol.swift */,
				4D0A88E02B0B96AF00AAADDE /* SplashViewModelCoordinatoDelegate.swift */,
			);
			path = Protocols;
			sourceTree = "<group>";
		};
		4D0A88D72B0B964700AAADDE /* Coordinator */ = {
			isa = PBXGroup;
			children = (
				4D0A88E22B0B96BB00AAADDE /* SplashCoordinator.swift */,
			);
			path = Coordinator;
			sourceTree = "<group>";
		};
		4D0A88E42B0CF8E100AAADDE /* Cell */ = {
			isa = PBXGroup;
			children = (
				4D0A88E52B0CF93F00AAADDE /* SlideCell.swift */,
				4D0A88E62B0CF93F00AAADDE /* SlideCell.xib */,
			);
			path = Cell;
			sourceTree = "<group>";
		};
		4D0A88EB2B0CFEA700AAADDE /* DataSource */ = {
			isa = PBXGroup;
			children = (
				4D0A88EC2B0CFEE900AAADDE /* SlideDataSource.swift */,
			);
			path = DataSource;
			sourceTree = "<group>";
		};
		4D6D74982B062C1500B1E789 = {
			isa = PBXGroup;
			children = (
				4D6D74A32B062C1500B1E789 /* MVVM+C Architecture */,
				4D6D74A22B062C1500B1E789 /* Products */,
				239229B9214D85B424030EC5 /* Pods */,
				C1B6A1EE2238671B6F5C0776 /* Frameworks */,
			);
			sourceTree = "<group>";
		};
		4D6D74A22B062C1500B1E789 /* Products */ = {
			isa = PBXGroup;
			children = (
				4D6D74A12B062C1500B1E789 /* MVVM+C Architecture.app */,
			);
			name = Products;
			sourceTree = "<group>";
		};
		4D6D74A32B062C1500B1E789 /* MVVM+C Architecture */ = {
			isa = PBXGroup;
			children = (
				4DC49F5E2B0E79080008C9B6 /* NetworkLayer */,
				4D6D74D52B062EF400B1E789 /* Models */,
				4DEBF9202B0E330400F1A858 /* Home */,
				4D6D74E02B0637BD00B1E789 /* Signup */,
				4D6D74B92B062C2700B1E789 /* Login */,
				4D6D74B82B062C2100B1E789 /* Intro */,
				4D0A88D32B0B961F00AAADDE /* Splash */,
				4D6D74DD2B06330900B1E789 /* Extension */,
				4D6D74EC2B06466400B1E789 /* Base */,
				4D6D74A42B062C1500B1E789 /* AppDelegate.swift */,
				4D6D74A62B062C1500B1E789 /* SceneDelegate.swift */,
				4D6D74AD2B062C1600B1E789 /* Assets.xcassets */,
				4D6D74AF2B062C1600B1E789 /* LaunchScreen.storyboard */,
				4D6D74B22B062C1600B1E789 /* Info.plist */,
			);
			path = "MVVM+C Architecture";
			sourceTree = "<group>";
		};
		4D6D74B82B062C2100B1E789 /* Intro */ = {
			isa = PBXGroup;
			children = (
				4D6D74BE2B062C5700B1E789 /* Coordinator */,
				4D6D74BD2B062C5400B1E789 /* Protocols */,
				4D6D74BC2B062C5100B1E789 /* ViewModel */,
				4D6D74BB2B062C4D00B1E789 /* View */,
			);
			path = Intro;
			sourceTree = "<group>";
		};
		4D6D74B92B062C2700B1E789 /* Login */ = {
			isa = PBXGroup;
			children = (
				4D6D74C22B062C8F00B1E789 /* Coordinator */,
				4D6D74C12B062C8900B1E789 /* Protocols */,
				4D6D74C02B062C8600B1E789 /* ViewModel */,
				4D6D74BF2B062C8100B1E789 /* View */,
			);
			path = Login;
			sourceTree = "<group>";
		};
		4D6D74BB2B062C4D00B1E789 /* View */ = {
			isa = PBXGroup;
			children = (
				4D0A88EB2B0CFEA700AAADDE /* DataSource */,
				4D0A88E42B0CF8E100AAADDE /* Cell */,
				4D6D74C52B062CD600B1E789 /* IntroViewController.swift */,
				4D6D74C72B062CE900B1E789 /* Intro.storyboard */,
			);
			path = View;
			sourceTree = "<group>";
		};
		4D6D74BC2B062C5100B1E789 /* ViewModel */ = {
			isa = PBXGroup;
			children = (
				4D6D74CD2B062D2300B1E789 /* IntroViewModel.swift */,
			);
			path = ViewModel;
			sourceTree = "<group>";
		};
		4D6D74BD2B062C5400B1E789 /* Protocols */ = {
			isa = PBXGroup;
			children = (
				4D6D74E62B06404B00B1E789 /* IntroViewModelProtocol.swift */,
				4D6D74E82B06405C00B1E789 /* IntroViewModelCoordinatorDelegate.swift */,
			);
			path = Protocols;
			sourceTree = "<group>";
		};
		4D6D74BE2B062C5700B1E789 /* Coordinator */ = {
			isa = PBXGroup;
			children = (
				4D6D74D12B062D4400B1E789 /* IntroCoordinator.swift */,
			);
			path = Coordinator;
			sourceTree = "<group>";
		};
		4D6D74BF2B062C8100B1E789 /* View */ = {
			isa = PBXGroup;
			children = (
				4D6D74C92B062D0500B1E789 /* LoginViewController.swift */,
				4D6D74CB2B062D1000B1E789 /* Login.storyboard */,
			);
			path = View;
			sourceTree = "<group>";
		};
		4D6D74C02B062C8600B1E789 /* ViewModel */ = {
			isa = PBXGroup;
			children = (
				4D6D74CF2B062D3200B1E789 /* LoginViewModel.swift */,
			);
			path = ViewModel;
			sourceTree = "<group>";
		};
		4D6D74C12B062C8900B1E789 /* Protocols */ = {
			isa = PBXGroup;
			children = (
				4D0A88C22B0964DD00AAADDE /* LoginViewModelProtocol.swift */,
				4D0A88C42B0964F300AAADDE /* LoginViewModelCoordinatorDelegate.swift */,
			);
			path = Protocols;
			sourceTree = "<group>";
		};
		4D6D74C22B062C8F00B1E789 /* Coordinator */ = {
			isa = PBXGroup;
			children = (
				4D6D74D32B062D5200B1E789 /* LoginCoordinator.swift */,
			);
			path = Coordinator;
			sourceTree = "<group>";
		};
		4D6D74D52B062EF400B1E789 /* Models */ = {
			isa = PBXGroup;
			children = (
				4D6D74D62B062F0500B1E789 /* IntroModel.swift */,
				4DC49F5C2B0E776C0008C9B6 /* PostModel.swift */,
			);
			path = Models;
			sourceTree = "<group>";
		};
		4D6D74DD2B06330900B1E789 /* Extension */ = {
			isa = PBXGroup;
			children = (
				4D0A88BE2B09614100AAADDE /* Storyboarded.swift */,
				4D6D74DE2B06332500B1E789 /* UIView+Extension.swift */,
			);
			path = Extension;
			sourceTree = "<group>";
		};
		4D6D74E02B0637BD00B1E789 /* Signup */ = {
			isa = PBXGroup;
			children = (
				4D0A88CA2B0B895D00AAADDE /* Coordinator */,
				4D0A88C92B0B895800AAADDE /* Protocols */,
				4D0A88C82B0B895400AAADDE /* ViewModel */,
				4D6D74E12B0637D200B1E789 /* View */,
			);
			path = Signup;
			sourceTree = "<group>";
		};
		4D6D74E12B0637D200B1E789 /* View */ = {
			isa = PBXGroup;
			children = (
				4D6D74E22B0637E900B1E789 /* SignupViewController.swift */,
				4D6D74E42B0637F400B1E789 /* Signup.storyboard */,
			);
			path = View;
			sourceTree = "<group>";
		};
		4D6D74EC2B06466400B1E789 /* Base */ = {
			isa = PBXGroup;
			children = (
				4D6D74EA2B06416E00B1E789 /* Coordinator.swift */,
				4D6D74C32B062CB400B1E789 /* AppCoordinator.swift */,
				4D0A88C02B09635600AAADDE /* BaseNavigationController.swift */,
				4D0A88C62B0B63BC00AAADDE /* BaseViewModel.swift */,
			);
			path = Base;
			sourceTree = "<group>";
		};
		4DC49F572B0E75320008C9B6 /* Cell */ = {
			isa = PBXGroup;
			children = (
				4DC49F582B0E75570008C9B6 /* PostCell.swift */,
				4DC49F592B0E75570008C9B6 /* PostCell.xib */,
				4D1C85C22B161B4500C17919 /* WeatherCell.swift */,
				4D1C85C32B161B4500C17919 /* WeatherCell.xib */,
			);
			path = Cell;
			sourceTree = "<group>";
		};
		4DC49F5E2B0E79080008C9B6 /* NetworkLayer */ = {
			isa = PBXGroup;
			children = (
				4DC49F5F2B0E79280008C9B6 /* PostRequest.swift */,
			);
			path = NetworkLayer;
			sourceTree = "<group>";
		};
		4DEBF9202B0E330400F1A858 /* Home */ = {
			isa = PBXGroup;
			children = (
				4DEBF9242B0E332100F1A858 /* Coordinator */,
				4DEBF9232B0E331E00F1A858 /* Protocols */,
				4DEBF9222B0E331C00F1A858 /* ViewModel */,
				4DEBF9212B0E331A00F1A858 /* View */,
			);
			path = Home;
			sourceTree = "<group>";
		};
		4DEBF9212B0E331A00F1A858 /* View */ = {
			isa = PBXGroup;
			children = (
				4DC49F572B0E75320008C9B6 /* Cell */,
				4DEBF9252B0E335A00F1A858 /* HomeViewController.swift */,
				4DEBF9272B0E336A00F1A858 /* Home.storyboard */,
			);
			path = View;
			sourceTree = "<group>";
		};
		4DEBF9222B0E331C00F1A858 /* ViewModel */ = {
			isa = PBXGroup;
			children = (
				4DEBF9292B0E399700F1A858 /* HomeViewModel.swift */,
			);
			path = ViewModel;
			sourceTree = "<group>";
		};
		4DEBF9232B0E331E00F1A858 /* Protocols */ = {
			isa = PBXGroup;
			children = (
				4DEBF92B2B0E39A600F1A858 /* HomeViewModelProtocol.swift */,
				4DEBF92D2B0E39BF00F1A858 /* HomeViewModelCoordinatorDelegate.swift */,
			);
			path = Protocols;
			sourceTree = "<group>";
		};
		4DEBF9242B0E332100F1A858 /* Coordinator */ = {
			isa = PBXGroup;
			children = (
				4DEBF92F2B0E39CB00F1A858 /* HomeCoordinator.swift */,
			);
			path = Coordinator;
			sourceTree = "<group>";
		};
		C1B6A1EE2238671B6F5C0776 /* Frameworks */ = {
			isa = PBXGroup;
			children = (
				7551FD3CD6BDB60815CB55F0 /* Pods_MVVM_C_Architecture.framework */,
			);
			name = Frameworks;
			sourceTree = "<group>";
		};
/* End PBXGroup section */

/* Begin PBXNativeTarget section */
		4D6D74A02B062C1500B1E789 /* MVVM+C Architecture */ = {
			isa = PBXNativeTarget;
			buildConfigurationList = 4D6D74B52B062C1600B1E789 /* Build configuration list for PBXNativeTarget "MVVM+C Architecture" */;
			buildPhases = (
				F3537024745E6B85964521B8 /* [CP] Check Pods Manifest.lock */,
				4D6D749D2B062C1500B1E789 /* Sources */,
				4D6D749E2B062C1500B1E789 /* Frameworks */,
				4D6D749F2B062C1500B1E789 /* Resources */,
				8D5EA7D996BD1FABC05D706D /* [CP] Embed Pods Frameworks */,
			);
			buildRules = (
			);
			dependencies = (
			);
			name = "MVVM+C Architecture";
			productName = "MVVM+C Architecture";
			productReference = 4D6D74A12B062C1500B1E789 /* MVVM+C Architecture.app */;
			productType = "com.apple.product-type.application";
		};
/* End PBXNativeTarget section */

/* Begin PBXProject section */
		4D6D74992B062C1500B1E789 /* Project object */ = {
			isa = PBXProject;
			attributes = {
				BuildIndependentTargetsInParallel = 1;
				LastSwiftUpdateCheck = 1430;
				LastUpgradeCheck = 1430;
				TargetAttributes = {
					4D6D74A02B062C1500B1E789 = {
						CreatedOnToolsVersion = 14.3;
					};
				};
			};
			buildConfigurationList = 4D6D749C2B062C1500B1E789 /* Build configuration list for PBXProject "MVVM+C Architecture" */;
			compatibilityVersion = "Xcode 14.0";
			developmentRegion = en;
			hasScannedForEncodings = 0;
			knownRegions = (
				en,
				Base,
			);
			mainGroup = 4D6D74982B062C1500B1E789;
			productRefGroup = 4D6D74A22B062C1500B1E789 /* Products */;
			projectDirPath = "";
			projectRoot = "";
			targets = (
				4D6D74A02B062C1500B1E789 /* MVVM+C Architecture */,
			);
		};
/* End PBXProject section */

/* Begin PBXResourcesBuildPhase section */
		4D6D749F2B062C1500B1E789 /* Resources */ = {
			isa = PBXResourcesBuildPhase;
			buildActionMask = 2147483647;
			files = (
				4D6D74B12B062C1600B1E789 /* LaunchScreen.storyboard in Resources */,
				4D6D74AE2B062C1600B1E789 /* Assets.xcassets in Resources */,
				4D6D74CC2B062D1000B1E789 /* Login.storyboard in Resources */,
				4D0A88E82B0CF93F00AAADDE /* SlideCell.xib in Resources */,
				4D1C85C52B161B4500C17919 /* WeatherCell.xib in Resources */,
				4DC49F5B2B0E75570008C9B6 /* PostCell.xib in Resources */,
				4D6D74E52B0637F400B1E789 /* Signup.storyboard in Resources */,
				4D6D74C82B062CE900B1E789 /* Intro.storyboard in Resources */,
				4D0A88D92B0B967200AAADDE /* Splash.storyboard in Resources */,
				4DEBF9282B0E336A00F1A858 /* Home.storyboard in Resources */,
			);
			runOnlyForDeploymentPostprocessing = 0;
		};
/* End PBXResourcesBuildPhase section */

/* Begin PBXShellScriptBuildPhase section */
		8D5EA7D996BD1FABC05D706D /* [CP] Embed Pods Frameworks */ = {
			isa = PBXShellScriptBuildPhase;
			buildActionMask = 2147483647;
			files = (
			);
			inputFileListPaths = (
				"${PODS_ROOT}/Target Support Files/Pods-MVVM+C Architecture/Pods-MVVM+C Architecture-frameworks-${CONFIGURATION}-input-files.xcfilelist",
			);
			name = "[CP] Embed Pods Frameworks";
			outputFileListPaths = (
				"${PODS_ROOT}/Target Support Files/Pods-MVVM+C Architecture/Pods-MVVM+C Architecture-frameworks-${CONFIGURATION}-output-files.xcfilelist",
			);
			runOnlyForDeploymentPostprocessing = 0;
			shellPath = /bin/sh;
			shellScript = "\"${PODS_ROOT}/Target Support Files/Pods-MVVM+C Architecture/Pods-MVVM+C Architecture-frameworks.sh\"\n";
			showEnvVarsInLog = 0;
		};
		F3537024745E6B85964521B8 /* [CP] Check Pods Manifest.lock */ = {
			isa = PBXShellScriptBuildPhase;
			buildActionMask = 2147483647;
			files = (
			);
			inputFileListPaths = (
			);
			inputPaths = (
				"${PODS_PODFILE_DIR_PATH}/Podfile.lock",
				"${PODS_ROOT}/Manifest.lock",
			);
			name = "[CP] Check Pods Manifest.lock";
			outputFileListPaths = (
			);
			outputPaths = (
				"$(DERIVED_FILE_DIR)/Pods-MVVM+C Architecture-checkManifestLockResult.txt",
			);
			runOnlyForDeploymentPostprocessing = 0;
			shellPath = /bin/sh;
			shellScript = "diff \"${PODS_PODFILE_DIR_PATH}/Podfile.lock\" \"${PODS_ROOT}/Manifest.lock\" > /dev/null\nif [ $? != 0 ] ; then\n    # print error to STDERR\n    echo \"error: The sandbox is not in sync with the Podfile.lock. Run 'pod install' or update your CocoaPods installation.\" >&2\n    exit 1\nfi\n# This output is used by Xcode 'outputs' to avoid re-running this script phase.\necho \"SUCCESS\" > \"${SCRIPT_OUTPUT_FILE_0}\"\n";
			showEnvVarsInLog = 0;
		};
/* End PBXShellScriptBuildPhase section */

/* Begin PBXSourcesBuildPhase section */
		4D6D749D2B062C1500B1E789 /* Sources */ = {
			isa = PBXSourcesBuildPhase;
			buildActionMask = 2147483647;
			files = (
				4D6D74EB2B06416E00B1E789 /* Coordinator.swift in Sources */,
				4DC49F602B0E79280008C9B6 /* PostRequest.swift in Sources */,
				4DEBF92A2B0E399700F1A858 /* HomeViewModel.swift in Sources */,
				4DEBF92E2B0E39BF00F1A858 /* HomeViewModelCoordinatorDelegate.swift in Sources */,
				4D0A88C32B0964DD00AAADDE /* LoginViewModelProtocol.swift in Sources */,
				4D6D74CA2B062D0500B1E789 /* LoginViewController.swift in Sources */,
				4D0A88CC2B0B897F00AAADDE /* SignupViewModel.swift in Sources */,
				4D6D74C62B062CD600B1E789 /* IntroViewController.swift in Sources */,
				4D6D74D72B062F0500B1E789 /* IntroModel.swift in Sources */,
				4DEBF92C2B0E39A600F1A858 /* HomeViewModelProtocol.swift in Sources */,
				4D6D74D42B062D5200B1E789 /* LoginCoordinator.swift in Sources */,
				4D0A88ED2B0CFEE900AAADDE /* SlideDataSource.swift in Sources */,
				4D1C85C42B161B4500C17919 /* WeatherCell.swift in Sources */,
				4D0A88E72B0CF93F00AAADDE /* SlideCell.swift in Sources */,
				4D6D74D22B062D4400B1E789 /* IntroCoordinator.swift in Sources */,
				4D0A88CE2B0B89B900AAADDE /* SignupViewModelProtocol.swift in Sources */,
				4D0A88DB2B0B968000AAADDE /* SplashViewController.swift in Sources */,
				4D6D74C42B062CB400B1E789 /* AppCoordinator.swift in Sources */,
				4D6D74DF2B06332500B1E789 /* UIView+Extension.swift in Sources */,
				4D0A88BF2B09614100AAADDE /* Storyboarded.swift in Sources */,
				4D6D74E72B06404B00B1E789 /* IntroViewModelProtocol.swift in Sources */,
				4D0A88E12B0B96AF00AAADDE /* SplashViewModelCoordinatoDelegate.swift in Sources */,
				4D0A88D22B0B89D300AAADDE /* SignupCoordinator.swift in Sources */,
				4D6D74E92B06405C00B1E789 /* IntroViewModelCoordinatorDelegate.swift in Sources */,
				4D0A88D02B0B89C900AAADDE /* SignupViewModelCoordinatorDelegate.swift in Sources */,
				4DC49F5A2B0E75570008C9B6 /* PostCell.swift in Sources */,
				4D6D74CE2B062D2300B1E789 /* IntroViewModel.swift in Sources */,
				4D6D74D02B062D3200B1E789 /* LoginViewModel.swift in Sources */,
				4D0A88C52B0964F300AAADDE /* LoginViewModelCoordinatorDelegate.swift in Sources */,
				4D0A88DF2B0B969C00AAADDE /* SplashViewModelProtocol.swift in Sources */,
				4D0A88E32B0B96BB00AAADDE /* SplashCoordinator.swift in Sources */,
				4D6D74E32B0637E900B1E789 /* SignupViewController.swift in Sources */,
				4DEBF9302B0E39CB00F1A858 /* HomeCoordinator.swift in Sources */,
				4D0A88DD2B0B968D00AAADDE /* SplashViewModel.swift in Sources */,
				4DEBF9262B0E335A00F1A858 /* HomeViewController.swift in Sources */,
				4DC49F5D2B0E776C0008C9B6 /* PostModel.swift in Sources */,
				4D0A88C12B09635600AAADDE /* BaseNavigationController.swift in Sources */,
				4D0A88C72B0B63BC00AAADDE /* BaseViewModel.swift in Sources */,
				4D6D74A52B062C1500B1E789 /* AppDelegate.swift in Sources */,
				4D6D74A72B062C1500B1E789 /* SceneDelegate.swift in Sources */,
			);
			runOnlyForDeploymentPostprocessing = 0;
		};
/* End PBXSourcesBuildPhase section */

/* Begin PBXVariantGroup section */
		4D6D74AF2B062C1600B1E789 /* LaunchScreen.storyboard */ = {
			isa = PBXVariantGroup;
			children = (
				4D6D74B02B062C1600B1E789 /* Base */,
			);
			name = LaunchScreen.storyboard;
			sourceTree = "<group>";
		};
/* End PBXVariantGroup section */

/* Begin XCBuildConfiguration section */
		4D6D74B32B062C1600B1E789 /* Debug */ = {
			isa = XCBuildConfiguration;
			buildSettings = {
				ALWAYS_SEARCH_USER_PATHS = NO;
				CLANG_ANALYZER_NONNULL = YES;
				CLANG_ANALYZER_NUMBER_OBJECT_CONVERSION = YES_AGGRESSIVE;
				CLANG_CXX_LANGUAGE_STANDARD = "gnu++20";
				CLANG_ENABLE_MODULES = YES;
				CLANG_ENABLE_OBJC_ARC = YES;
				CLANG_ENABLE_OBJC_WEAK = YES;
				CLANG_WARN_BLOCK_CAPTURE_AUTORELEASING = YES;
				CLANG_WARN_BOOL_CONVERSION = YES;
				CLANG_WARN_COMMA = YES;
				CLANG_WARN_CONSTANT_CONVERSION = YES;
				CLANG_WARN_DEPRECATED_OBJC_IMPLEMENTATIONS = YES;
				CLANG_WARN_DIRECT_OBJC_ISA_USAGE = YES_ERROR;
				CLANG_WARN_DOCUMENTATION_COMMENTS = YES;
				CLANG_WARN_EMPTY_BODY = YES;
				CLANG_WARN_ENUM_CONVERSION = YES;
				CLANG_WARN_INFINITE_RECURSION = YES;
				CLANG_WARN_INT_CONVERSION = YES;
				CLANG_WARN_NON_LITERAL_NULL_CONVERSION = YES;
				CLANG_WARN_OBJC_IMPLICIT_RETAIN_SELF = YES;
				CLANG_WARN_OBJC_LITERAL_CONVERSION = YES;
				CLANG_WARN_OBJC_ROOT_CLASS = YES_ERROR;
				CLANG_WARN_QUOTED_INCLUDE_IN_FRAMEWORK_HEADER = YES;
				CLANG_WARN_RANGE_LOOP_ANALYSIS = YES;
				CLANG_WARN_STRICT_PROTOTYPES = YES;
				CLANG_WARN_SUSPICIOUS_MOVE = YES;
				CLANG_WARN_UNGUARDED_AVAILABILITY = YES_AGGRESSIVE;
				CLANG_WARN_UNREACHABLE_CODE = YES;
				CLANG_WARN__DUPLICATE_METHOD_MATCH = YES;
				COPY_PHASE_STRIP = NO;
				DEBUG_INFORMATION_FORMAT = dwarf;
				ENABLE_STRICT_OBJC_MSGSEND = YES;
				ENABLE_TESTABILITY = YES;
				GCC_C_LANGUAGE_STANDARD = gnu11;
				GCC_DYNAMIC_NO_PIC = NO;
				GCC_NO_COMMON_BLOCKS = YES;
				GCC_OPTIMIZATION_LEVEL = 0;
				GCC_PREPROCESSOR_DEFINITIONS = (
					"DEBUG=1",
					"$(inherited)",
				);
				GCC_WARN_64_TO_32_BIT_CONVERSION = YES;
				GCC_WARN_ABOUT_RETURN_TYPE = YES_ERROR;
				GCC_WARN_UNDECLARED_SELECTOR = YES;
				GCC_WARN_UNINITIALIZED_AUTOS = YES_AGGRESSIVE;
				GCC_WARN_UNUSED_FUNCTION = YES;
				GCC_WARN_UNUSED_VARIABLE = YES;
				IPHONEOS_DEPLOYMENT_TARGET = 16.4;
				MTL_ENABLE_DEBUG_INFO = INCLUDE_SOURCE;
				MTL_FAST_MATH = YES;
				ONLY_ACTIVE_ARCH = YES;
				SDKROOT = iphoneos;
				SWIFT_ACTIVE_COMPILATION_CONDITIONS = DEBUG;
				SWIFT_OPTIMIZATION_LEVEL = "-Onone";
			};
			name = Debug;
		};
		4D6D74B42B062C1600B1E789 /* Release */ = {
			isa = XCBuildConfiguration;
			buildSettings = {
				ALWAYS_SEARCH_USER_PATHS = NO;
				CLANG_ANALYZER_NONNULL = YES;
				CLANG_ANALYZER_NUMBER_OBJECT_CONVERSION = YES_AGGRESSIVE;
				CLANG_CXX_LANGUAGE_STANDARD = "gnu++20";
				CLANG_ENABLE_MODULES = YES;
				CLANG_ENABLE_OBJC_ARC = YES;
				CLANG_ENABLE_OBJC_WEAK = YES;
				CLANG_WARN_BLOCK_CAPTURE_AUTORELEASING = YES;
				CLANG_WARN_BOOL_CONVERSION = YES;
				CLANG_WARN_COMMA = YES;
				CLANG_WARN_CONSTANT_CONVERSION = YES;
				CLANG_WARN_DEPRECATED_OBJC_IMPLEMENTATIONS = YES;
				CLANG_WARN_DIRECT_OBJC_ISA_USAGE = YES_ERROR;
				CLANG_WARN_DOCUMENTATION_COMMENTS = YES;
				CLANG_WARN_EMPTY_BODY = YES;
				CLANG_WARN_ENUM_CONVERSION = YES;
				CLANG_WARN_INFINITE_RECURSION = YES;
				CLANG_WARN_INT_CONVERSION = YES;
				CLANG_WARN_NON_LITERAL_NULL_CONVERSION = YES;
				CLANG_WARN_OBJC_IMPLICIT_RETAIN_SELF = YES;
				CLANG_WARN_OBJC_LITERAL_CONVERSION = YES;
				CLANG_WARN_OBJC_ROOT_CLASS = YES_ERROR;
				CLANG_WARN_QUOTED_INCLUDE_IN_FRAMEWORK_HEADER = YES;
				CLANG_WARN_RANGE_LOOP_ANALYSIS = YES;
				CLANG_WARN_STRICT_PROTOTYPES = YES;
				CLANG_WARN_SUSPICIOUS_MOVE = YES;
				CLANG_WARN_UNGUARDED_AVAILABILITY = YES_AGGRESSIVE;
				CLANG_WARN_UNREACHABLE_CODE = YES;
				CLANG_WARN__DUPLICATE_METHOD_MATCH = YES;
				COPY_PHASE_STRIP = NO;
				DEBUG_INFORMATION_FORMAT = "dwarf-with-dsym";
				ENABLE_NS_ASSERTIONS = NO;
				ENABLE_STRICT_OBJC_MSGSEND = YES;
				GCC_C_LANGUAGE_STANDARD = gnu11;
				GCC_NO_COMMON_BLOCKS = YES;
				GCC_WARN_64_TO_32_BIT_CONVERSION = YES;
				GCC_WARN_ABOUT_RETURN_TYPE = YES_ERROR;
				GCC_WARN_UNDECLARED_SELECTOR = YES;
				GCC_WARN_UNINITIALIZED_AUTOS = YES_AGGRESSIVE;
				GCC_WARN_UNUSED_FUNCTION = YES;
				GCC_WARN_UNUSED_VARIABLE = YES;
				IPHONEOS_DEPLOYMENT_TARGET = 16.4;
				MTL_ENABLE_DEBUG_INFO = NO;
				MTL_FAST_MATH = YES;
				SDKROOT = iphoneos;
				SWIFT_COMPILATION_MODE = wholemodule;
				SWIFT_OPTIMIZATION_LEVEL = "-O";
				VALIDATE_PRODUCT = YES;
			};
			name = Release;
		};
		4D6D74B62B062C1600B1E789 /* Debug */ = {
			isa = XCBuildConfiguration;
			baseConfigurationReference = D767A62EC83F2931BF9E2987 /* Pods-MVVM+C Architecture.debug.xcconfig */;
			buildSettings = {
				ASSETCATALOG_COMPILER_APPICON_NAME = AppIcon;
				ASSETCATALOG_COMPILER_GLOBAL_ACCENT_COLOR_NAME = AccentColor;
				CODE_SIGN_STYLE = Automatic;
				CURRENT_PROJECT_VERSION = 1;
				GENERATE_INFOPLIST_FILE = YES;
				INFOPLIST_FILE = "MVVM+C Architecture/Info.plist";
				INFOPLIST_KEY_UIApplicationSupportsIndirectInputEvents = YES;
				INFOPLIST_KEY_UILaunchStoryboardName = LaunchScreen;
				INFOPLIST_KEY_UISupportedInterfaceOrientations_iPad = "UIInterfaceOrientationPortrait UIInterfaceOrientationPortraitUpsideDown UIInterfaceOrientationLandscapeLeft UIInterfaceOrientationLandscapeRight";
				INFOPLIST_KEY_UISupportedInterfaceOrientations_iPhone = "UIInterfaceOrientationPortrait UIInterfaceOrientationLandscapeLeft UIInterfaceOrientationLandscapeRight";
				LD_RUNPATH_SEARCH_PATHS = (
					"$(inherited)",
					"@executable_path/Frameworks",
				);
				MARKETING_VERSION = 1.0;
				PRODUCT_BUNDLE_IDENTIFIER = "com.agnesaselimi.MVVM-C-Architecture";
				PRODUCT_NAME = "$(TARGET_NAME)";
				SWIFT_EMIT_LOC_STRINGS = YES;
				SWIFT_VERSION = 5.0;
				TARGETED_DEVICE_FAMILY = "1,2";
			};
			name = Debug;
		};
		4D6D74B72B062C1600B1E789 /* Release */ = {
			isa = XCBuildConfiguration;
			baseConfigurationReference = 579E60D9C9D6381AFA2FE230 /* Pods-MVVM+C Architecture.release.xcconfig */;
			buildSettings = {
				ASSETCATALOG_COMPILER_APPICON_NAME = AppIcon;
				ASSETCATALOG_COMPILER_GLOBAL_ACCENT_COLOR_NAME = AccentColor;
				CODE_SIGN_STYLE = Automatic;
				CURRENT_PROJECT_VERSION = 1;
				GENERATE_INFOPLIST_FILE = YES;
				INFOPLIST_FILE = "MVVM+C Architecture/Info.plist";
				INFOPLIST_KEY_UIApplicationSupportsIndirectInputEvents = YES;
				INFOPLIST_KEY_UILaunchStoryboardName = LaunchScreen;
				INFOPLIST_KEY_UISupportedInterfaceOrientations_iPad = "UIInterfaceOrientationPortrait UIInterfaceOrientationPortraitUpsideDown UIInterfaceOrientationLandscapeLeft UIInterfaceOrientationLandscapeRight";
				INFOPLIST_KEY_UISupportedInterfaceOrientations_iPhone = "UIInterfaceOrientationPortrait UIInterfaceOrientationLandscapeLeft UIInterfaceOrientationLandscapeRight";
				LD_RUNPATH_SEARCH_PATHS = (
					"$(inherited)",
					"@executable_path/Frameworks",
				);
				MARKETING_VERSION = 1.0;
				PRODUCT_BUNDLE_IDENTIFIER = "com.agnesaselimi.MVVM-C-Architecture";
				PRODUCT_NAME = "$(TARGET_NAME)";
				SWIFT_EMIT_LOC_STRINGS = YES;
				SWIFT_VERSION = 5.0;
				TARGETED_DEVICE_FAMILY = "1,2";
			};
			name = Release;
		};
/* End XCBuildConfiguration section */

/* Begin XCConfigurationList section */
		4D6D749C2B062C1500B1E789 /* Build configuration list for PBXProject "MVVM+C Architecture" */ = {
			isa = XCConfigurationList;
			buildConfigurations = (
				4D6D74B32B062C1600B1E789 /* Debug */,
				4D6D74B42B062C1600B1E789 /* Release */,
			);
			defaultConfigurationIsVisible = 0;
			defaultConfigurationName = Release;
		};
		4D6D74B52B062C1600B1E789 /* Build configuration list for PBXNativeTarget "MVVM+C Architecture" */ = {
			isa = XCConfigurationList;
			buildConfigurations = (
				4D6D74B62B062C1600B1E789 /* Debug */,
				4D6D74B72B062C1600B1E789 /* Release */,
			);
			defaultConfigurationIsVisible = 0;
			defaultConfigurationName = Release;
		};
/* End XCConfigurationList section */
	};
	rootObject = 4D6D74992B062C1500B1E789 /* Project object */;
}
